
Microsoft Visual Studio Solution File, Format Version 12.00
# Visual Studio Version 17
VisualStudioVersion = 17.8.34330.188
MinimumVisualStudioVersion = 10.0.40219.1
Project("{9A19103F-16F7-4668-BE54-9A1E7A4F7556}") = "PurchaseOrderWebApplication", "PurchaseOrderWebApplication.csproj", "{80FF6F39-76C2-46DF-8665-33F2838D9D97}"
EndProject
Project("{2150E333-8FDC-42A3-9474-1A3956D46DE8}") = "Solution Items", "Solution Items", "{5DB1AE5E-27A2-4732-BE09-681C49F5C5C3}"
EndProject
Global
	GlobalSection(SolutionConfigurationPlatforms) = preSolution
		Debug|Any CPU = Debug|Any CPU
		Release|Any CPU = Release|Any CPU
	EndGlobalSection
	GlobalSection(ProjectConfigurationPlatforms) = postSolution
		{80FF6F39-76C2-46DF-8665-33F2838D9D97}.Debug|Any CPU.ActiveCfg = Debug|Any CPU
		{80FF6F39-76C2-46DF-8665-33F2838D9D97}.Debug|Any CPU.Build.0 = Debug|Any CPU
		{80FF6F39-76C2-46DF-8665-33F2838D9D97}.Release|Any CPU.ActiveCfg = Release|Any CPU
		{80FF6F39-76C2-46DF-8665-33F2838D9D97}.Release|Any CPU.Build.0 = Release|Any CPU
	EndGlobalSection
	GlobalSection(SolutionProperties) = preSolution
		HideSolutionNode = FALSE
	EndGlobalSection
	GlobalSection(ExtensibilityGlobals) = postSolution
		SolutionGuid = {3DE011B1-A9FA-4BF0-AB32-29F58F401AAD}
	EndGlobalSection
EndGlobal
